
Microsoft Visual Studio Solution File, Format Version 12.00
# Visual Studio Version 16
VisualStudioVersion = 16.0.30309.148
MinimumVisualStudioVersion = 15.0.26124.0
Project("{9A19103F-16F7-4668-BE54-9A1E7A4F7556}") = "DownloadManager", "src\DownloadManager\DownloadManager.csproj", "{43288C1C-1C28-4220-868B-EC2494EF4A4F}"
EndProject
Project("{9A19103F-16F7-4668-BE54-9A1E7A4F7556}") = "DownloadManager.Tests", "tests\DownloadManager.Tests\DownloadManager.Tests.csproj", "{052AC572-2D1C-45D9-BF06-6FA4A062C255}"
EndProject
Project("{9A19103F-16F7-4668-BE54-9A1E7A4F7556}") = "DownloadManager.Data", "src\DownloadManager.Data\DownloadManager.Data.csproj", "{E033F3A2-5BBA-479F-9E40-90FD8A53E60E}"
EndProject
Project("{FAE04EC0-301F-11D3-BF4B-00C04F79EFBC}") = "DownloadManager.Core", "src\DownloadManager.Core\DownloadManager.Core.csproj", "{1683D593-2E46-4135-8E57-125CC5F1B847}"
EndProject
Global
	GlobalSection(SolutionConfigurationPlatforms) = preSolution
		Debug|Any CPU = Debug|Any CPU
		Debug|x64 = Debug|x64
		Debug|x86 = Debug|x86
		Release|Any CPU = Release|Any CPU
		Release|x64 = Release|x64
		Release|x86 = Release|x86
	EndGlobalSection
	GlobalSection(ProjectConfigurationPlatforms) = postSolution
		{43288C1C-1C28-4220-868B-EC2494EF4A4F}.Debug|Any CPU.ActiveCfg = Debug|Any CPU
		{43288C1C-1C28-4220-868B-EC2494EF4A4F}.Debug|Any CPU.Build.0 = Debug|Any CPU
		{43288C1C-1C28-4220-868B-EC2494EF4A4F}.Debug|x64.ActiveCfg = Debug|Any CPU
		{43288C1C-1C28-4220-868B-EC2494EF4A4F}.Debug|x64.Build.0 = Debug|Any CPU
		{43288C1C-1C28-4220-868B-EC2494EF4A4F}.Debug|x86.ActiveCfg = Debug|Any CPU
		{43288C1C-1C28-4220-868B-EC2494EF4A4F}.Debug|x86.Build.0 = Debug|Any CPU
		{43288C1C-1C28-4220-868B-EC2494EF4A4F}.Release|Any CPU.ActiveCfg = Release|Any CPU
		{43288C1C-1C28-4220-868B-EC2494EF4A4F}.Release|Any CPU.Build.0 = Release|Any CPU
		{43288C1C-1C28-4220-868B-EC2494EF4A4F}.Release|x64.ActiveCfg = Release|Any CPU
		{43288C1C-1C28-4220-868B-EC2494EF4A4F}.Release|x64.Build.0 = Release|Any CPU
		{43288C1C-1C28-4220-868B-EC2494EF4A4F}.Release|x86.ActiveCfg = Release|Any CPU
		{43288C1C-1C28-4220-868B-EC2494EF4A4F}.Release|x86.Build.0 = Release|Any CPU
		{052AC572-2D1C-45D9-BF06-6FA4A062C255}.Debug|Any CPU.ActiveCfg = Debug|Any CPU
		{052AC572-2D1C-45D9-BF06-6FA4A062C255}.Debug|Any CPU.Build.0 = Debug|Any CPU
		{052AC572-2D1C-45D9-BF06-6FA4A062C255}.Debug|x64.ActiveCfg = Debug|Any CPU
		{052AC572-2D1C-45D9-BF06-6FA4A062C255}.Debug|x64.Build.0 = Debug|Any CPU
		{052AC572-2D1C-45D9-BF06-6FA4A062C255}.Debug|x86.ActiveCfg = Debug|Any CPU
		{052AC572-2D1C-45D9-BF06-6FA4A062C255}.Debug|x86.Build.0 = Debug|Any CPU
		{052AC572-2D1C-45D9-BF06-6FA4A062C255}.Release|Any CPU.ActiveCfg = Release|Any CPU
		{052AC572-2D1C-45D9-BF06-6FA4A062C255}.Release|Any CPU.Build.0 = Release|Any CPU
		{052AC572-2D1C-45D9-BF06-6FA4A062C255}.Release|x64.ActiveCfg = Release|Any CPU
		{052AC572-2D1C-45D9-BF06-6FA4A062C255}.Release|x64.Build.0 = Release|Any CPU
		{052AC572-2D1C-45D9-BF06-6FA4A062C255}.Release|x86.ActiveCfg = Release|Any CPU
		{052AC572-2D1C-45D9-BF06-6FA4A062C255}.Release|x86.Build.0 = Release|Any CPU
		{E033F3A2-5BBA-479F-9E40-90FD8A53E60E}.Debug|Any CPU.ActiveCfg = Debug|Any CPU
		{E033F3A2-5BBA-479F-9E40-90FD8A53E60E}.Debug|Any CPU.Build.0 = Debug|Any CPU
		{E033F3A2-5BBA-479F-9E40-90FD8A53E60E}.Debug|x64.ActiveCfg = Debug|Any CPU
		{E033F3A2-5BBA-479F-9E40-90FD8A53E60E}.Debug|x64.Build.0 = Debug|Any CPU
		{E033F3A2-5BBA-479F-9E40-90FD8A53E60E}.Debug|x86.ActiveCfg = Debug|Any CPU
		{E033F3A2-5BBA-479F-9E40-90FD8A53E60E}.Debug|x86.Build.0 = Debug|Any CPU
		{E033F3A2-5BBA-479F-9E40-90FD8A53E60E}.Release|Any CPU.ActiveCfg = Release|Any CPU
		{E033F3A2-5BBA-479F-9E40-90FD8A53E60E}.Release|Any CPU.Build.0 = Release|Any CPU
		{E033F3A2-5BBA-479F-9E40-90FD8A53E60E}.Release|x64.ActiveCfg = Release|Any CPU
		{E033F3A2-5BBA-479F-9E40-90FD8A53E60E}.Release|x64.Build.0 = Release|Any CPU
		{E033F3A2-5BBA-479F-9E40-90FD8A53E60E}.Release|x86.ActiveCfg = Release|Any CPU
		{E033F3A2-5BBA-479F-9E40-90FD8A53E60E}.Release|x86.Build.0 = Release|Any CPU
		{1683D593-2E46-4135-8E57-125CC5F1B847}.Debug|Any CPU.ActiveCfg = Debug|Any CPU
		{1683D593-2E46-4135-8E57-125CC5F1B847}.Debug|Any CPU.Build.0 = Debug|Any CPU
		{1683D593-2E46-4135-8E57-125CC5F1B847}.Debug|x64.ActiveCfg = Debug|Any CPU
		{1683D593-2E46-4135-8E57-125CC5F1B847}.Debug|x64.Build.0 = Debug|Any CPU
		{1683D593-2E46-4135-8E57-125CC5F1B847}.Debug|x86.ActiveCfg = Debug|Any CPU
		{1683D593-2E46-4135-8E57-125CC5F1B847}.Debug|x86.Build.0 = Debug|Any CPU
		{1683D593-2E46-4135-8E57-125CC5F1B847}.Release|Any CPU.ActiveCfg = Release|Any CPU
		{1683D593-2E46-4135-8E57-125CC5F1B847}.Release|Any CPU.Build.0 = Release|Any CPU
		{1683D593-2E46-4135-8E57-125CC5F1B847}.Release|x64.ActiveCfg = Release|Any CPU
		{1683D593-2E46-4135-8E57-125CC5F1B847}.Release|x64.Build.0 = Release|Any CPU
		{1683D593-2E46-4135-8E57-125CC5F1B847}.Release|x86.ActiveCfg = Release|Any CPU
		{1683D593-2E46-4135-8E57-125CC5F1B847}.Release|x86.Build.0 = Release|Any CPU
	EndGlobalSection
	GlobalSection(SolutionProperties) = preSolution
		HideSolutionNode = FALSE
	EndGlobalSection
	GlobalSection(ExtensibilityGlobals) = postSolution
		SolutionGuid = {AE444818-0DDF-47FF-BDCC-FA463398E88A}
	EndGlobalSection
EndGlobal
